
Microsoft Visual Studio Solution File, Format Version 12.00
# Visual Studio 15
VisualStudioVersion = 15.0.27428.2015
MinimumVisualStudioVersion = 10.0.40219.1
Project("{9A19103F-16F7-4668-BE54-9A1E7A4F7556}") = "WebApiSkeleton", "WebApiSkeleton.csproj", "{2040DAB6-D9A5-439D-9061-5FD5184FADEC}"
EndProject
Global
	GlobalSection(SolutionConfigurationPlatforms) = preSolution
		Debug|Any CPU = Debug|Any CPU
		Release|Any CPU = Release|Any CPU
	EndGlobalSection
	GlobalSection(ProjectConfigurationPlatforms) = postSolution
		{2040DAB6-D9A5-439D-9061-5FD5184FADEC}.Debug|Any CPU.ActiveCfg = Debug|Any CPU
		{2040DAB6-D9A5-439D-9061-5FD5184FADEC}.Debug|Any CPU.Build.0 = Debug|Any CPU
		{2040DAB6-D9A5-439D-9061-5FD5184FADEC}.Release|Any CPU.ActiveCfg = Release|Any CPU
		{2040DAB6-D9A5-439D-9061-5FD5184FADEC}.Release|Any CPU.Build.0 = Release|Any CPU
	EndGlobalSection
	GlobalSection(SolutionProperties) = preSolution
		HideSolutionNode = FALSE
	EndGlobalSection
	GlobalSection(ExtensibilityGlobals) = postSolution
		SolutionGuid = {D64F500F-06AA-4558-ABAC-FA51D3CC479F}
	EndGlobalSection
EndGlobal
